{
  "name": "Rabbitly",
  "lockfileVersion": 3,
  "requires": true,
  "packages": {
    "": {
      "dependencies": {
        "cytoscape": "^3.32.1"
      }
    },
    "node_modules/cytoscape": {
      "version": "3.32.1",
      "resolved": "https://registry.npmjs.org/cytoscape/-/cytoscape-3.32.1.tgz",
      "integrity": "sha512-dbeqFTLYEwlFg7UGtcZhCCG/2WayX72zK3Sq323CEX29CY81tYfVhw1MIdduCtpstB0cTOhJswWlM/OEB3Xp+Q==",
      "license": "MIT",
      "engines": {
        "node": ">=0.10"
      }
    }
  }
}
